
Microsoft Visual Studio Solution File, Format Version 12.00
# Visual Studio 14
VisualStudioVersion = 14.0.24720.0
MinimumVisualStudioVersion = 10.0.40219.1
Project("{FAE04EC0-301F-11D3-BF4B-00C04F79EFBC}") = "CTM.WordCounterCalculator", "CTM.WordCounter\CTM.WordCounterCalculator.csproj", "{BA45B135-E1CE-4E3E-8020-501CECF7029F}"
EndProject
Project("{FAE04EC0-301F-11D3-BF4B-00C04F79EFBC}") = "CTM.WordCountCalculator.Test", "CTM.WordCountCalculator.Test\CTM.WordCountCalculator.Test.csproj", "{2E104D3E-1071-496B-B84B-4E4A5B2A9B18}"
EndProject
Project("{FAE04EC0-301F-11D3-BF4B-00C04F79EFBC}") = "CTM.WordCounterConsoleApp", "CTM.WordCounterConsoleApp\CTM.WordCounterConsoleApp.csproj", "{562D94A1-C421-414E-B647-271C36E9AE39}"
EndProject
Project("{FAE04EC0-301F-11D3-BF4B-00C04F79EFBC}") = "CTM.WordCounterAlternateConsoleApp", "CTM.WordCounterAlternateConsoleApp\CTM.WordCounterAlternateConsoleApp.csproj", "{0ABD1769-A66C-422C-B08B-C1859ADB0EDC}"
EndProject
Global
	GlobalSection(SolutionConfigurationPlatforms) = preSolution
		Debug|Any CPU = Debug|Any CPU
		Release|Any CPU = Release|Any CPU
	EndGlobalSection
	GlobalSection(ProjectConfigurationPlatforms) = postSolution
		{BA45B135-E1CE-4E3E-8020-501CECF7029F}.Debug|Any CPU.ActiveCfg = Debug|Any CPU
		{BA45B135-E1CE-4E3E-8020-501CECF7029F}.Debug|Any CPU.Build.0 = Debug|Any CPU
		{BA45B135-E1CE-4E3E-8020-501CECF7029F}.Release|Any CPU.ActiveCfg = Release|Any CPU
		{BA45B135-E1CE-4E3E-8020-501CECF7029F}.Release|Any CPU.Build.0 = Release|Any CPU
		{2E104D3E-1071-496B-B84B-4E4A5B2A9B18}.Debug|Any CPU.ActiveCfg = Debug|Any CPU
		{2E104D3E-1071-496B-B84B-4E4A5B2A9B18}.Debug|Any CPU.Build.0 = Debug|Any CPU
		{2E104D3E-1071-496B-B84B-4E4A5B2A9B18}.Release|Any CPU.ActiveCfg = Release|Any CPU
		{2E104D3E-1071-496B-B84B-4E4A5B2A9B18}.Release|Any CPU.Build.0 = Release|Any CPU
		{562D94A1-C421-414E-B647-271C36E9AE39}.Debug|Any CPU.ActiveCfg = Debug|Any CPU
		{562D94A1-C421-414E-B647-271C36E9AE39}.Debug|Any CPU.Build.0 = Debug|Any CPU
		{562D94A1-C421-414E-B647-271C36E9AE39}.Release|Any CPU.ActiveCfg = Release|Any CPU
		{562D94A1-C421-414E-B647-271C36E9AE39}.Release|Any CPU.Build.0 = Release|Any CPU
		{0ABD1769-A66C-422C-B08B-C1859ADB0EDC}.Debug|Any CPU.ActiveCfg = Debug|Any CPU
		{0ABD1769-A66C-422C-B08B-C1859ADB0EDC}.Debug|Any CPU.Build.0 = Debug|Any CPU
		{0ABD1769-A66C-422C-B08B-C1859ADB0EDC}.Release|Any CPU.ActiveCfg = Release|Any CPU
		{0ABD1769-A66C-422C-B08B-C1859ADB0EDC}.Release|Any CPU.Build.0 = Release|Any CPU
	EndGlobalSection
	GlobalSection(SolutionProperties) = preSolution
		HideSolutionNode = FALSE
	EndGlobalSection
EndGlobal
